PODS:
  - FSCalendar (2.8.0)
  - HTMLKit (2.1.5)
  - SUAI (1.0.0):
    - HTMLKit

DEPENDENCIES:
  - FSCalendar
  - SUAI

SPEC REPOS:
  https://github.com/cocoapods/specs.git:
    - FSCalendar
    - HTMLKit
    - SUAI

SPEC CHECKSUMS:
  FSCalendar: 3a5ed3636e2ba1b83ebebfcf0c2603105a6f5efe
  HTMLKit: 91dbd983c94f264c6ddea27d317f5a66368dd20b
  SUAI: b3675e6bfa9ef1b85a4af1d1b694371ea8c04a2a

PODFILE CHECKSUM: f58340765601b4e065d510f2fe1dc674ce4d87b7

COCOAPODS: 1.5.3
