PODS:
  - FSCalendar (2.8.0)
  - HTMLKit (2.1.5)
  - SUAI (1.0.0):
    - HTMLKit

DEPENDENCIES:
  - FSCalendar
  - SUAI (from `/Users/v.v.alexeevich.95/Code/iOS/Libraries/SUAI`)

SPEC REPOS:
  https://github.com/cocoapods/specs.git:
    - FSCalendar
    - HTMLKit

EXTERNAL SOURCES:
  SUAI:
    :path: "/Users/v.v.alexeevich.95/Code/iOS/Libraries/SUAI"

SPEC CHECKSUMS:
  FSCalendar: 3a5ed3636e2ba1b83ebebfcf0c2603105a6f5efe
  HTMLKit: 91dbd983c94f264c6ddea27d317f5a66368dd20b
  SUAI: 17f8bcf91af0d08f284b6805c274045eb8f397f7

PODFILE CHECKSUM: ed8d16f61f07335115855098286eb2473f8b468c

COCOAPODS: 1.5.3
